
Microsoft Visual Studio Solution File, Format Version 12.00
# Visual Studio Version 16
VisualStudioVersion = 16.0.30517.126
MinimumVisualStudioVersion = 10.0.40219.1
Project("{FAE04EC0-301F-11D3-BF4B-00C04F79EFBC}") = "While Loops", "While Loops.csproj", "{D5C076D1-AE71-4C99-B12F-ED7FD3C6175B}"
EndProject
Global
	GlobalSection(SolutionConfigurationPlatforms) = preSolution
		Debug|Any CPU = Debug|Any CPU
		Release|Any CPU = Release|Any CPU
	EndGlobalSection
	GlobalSection(ProjectConfigurationPlatforms) = postSolution
		{D5C076D1-AE71-4C99-B12F-ED7FD3C6175B}.Debug|Any CPU.ActiveCfg = Debug|Any CPU
		{D5C076D1-AE71-4C99-B12F-ED7FD3C6175B}.Debug|Any CPU.Build.0 = Debug|Any CPU
		{D5C076D1-AE71-4C99-B12F-ED7FD3C6175B}.Release|Any CPU.ActiveCfg = Release|Any CPU
		{D5C076D1-AE71-4C99-B12F-ED7FD3C6175B}.Release|Any CPU.Build.0 = Release|Any CPU
	EndGlobalSection
	GlobalSection(SolutionProperties) = preSolution
		HideSolutionNode = FALSE
	EndGlobalSection
	GlobalSection(ExtensibilityGlobals) = postSolution
		SolutionGuid = {E0259279-A61E-4718-A23F-269EEC938473}
	EndGlobalSection
EndGlobal
